
Microsoft Visual Studio Solution File, Format Version 12.00
# Visual Studio 15
VisualStudioVersion = 15.0.27428.2015
MinimumVisualStudioVersion = 10.0.40219.1
Project("{9A19103F-16F7-4668-BE54-9A1E7A4F7556}") = "InfoPole.Core", "InfoPole.Core\InfoPole.Core.csproj", "{EAFF64CF-9EAD-4038-98B1-E69CC5C62F8A}"
EndProject
Project("{9A19103F-16F7-4668-BE54-9A1E7A4F7556}") = "InfoPole.Tests", "InfoPole.Tests\InfoPole.Tests.csproj", "{59E51D35-E538-4E34-81D2-6997A0BADB1D}"
EndProject
Project("{FAE04EC0-301F-11D3-BF4B-00C04F79EFBC}") = "InfoPole", "InfoPole\InfoPole.csproj", "{7326F598-4B9B-4D78-B106-39A8247C1A33}"
EndProject
Global
	GlobalSection(SolutionConfigurationPlatforms) = preSolution
		Debug|Any CPU = Debug|Any CPU
		Release|Any CPU = Release|Any CPU
	EndGlobalSection
	GlobalSection(ProjectConfigurationPlatforms) = postSolution
		{EAFF64CF-9EAD-4038-98B1-E69CC5C62F8A}.Debug|Any CPU.ActiveCfg = Debug|Any CPU
		{EAFF64CF-9EAD-4038-98B1-E69CC5C62F8A}.Debug|Any CPU.Build.0 = Debug|Any CPU
		{EAFF64CF-9EAD-4038-98B1-E69CC5C62F8A}.Release|Any CPU.ActiveCfg = Release|Any CPU
		{EAFF64CF-9EAD-4038-98B1-E69CC5C62F8A}.Release|Any CPU.Build.0 = Release|Any CPU
		{59E51D35-E538-4E34-81D2-6997A0BADB1D}.Debug|Any CPU.ActiveCfg = Debug|Any CPU
		{59E51D35-E538-4E34-81D2-6997A0BADB1D}.Debug|Any CPU.Build.0 = Debug|Any CPU
		{59E51D35-E538-4E34-81D2-6997A0BADB1D}.Release|Any CPU.ActiveCfg = Release|Any CPU
		{59E51D35-E538-4E34-81D2-6997A0BADB1D}.Release|Any CPU.Build.0 = Release|Any CPU
		{7326F598-4B9B-4D78-B106-39A8247C1A33}.Debug|Any CPU.ActiveCfg = Debug|Any CPU
		{7326F598-4B9B-4D78-B106-39A8247C1A33}.Debug|Any CPU.Build.0 = Debug|Any CPU
		{7326F598-4B9B-4D78-B106-39A8247C1A33}.Release|Any CPU.ActiveCfg = Release|Any CPU
		{7326F598-4B9B-4D78-B106-39A8247C1A33}.Release|Any CPU.Build.0 = Release|Any CPU
	EndGlobalSection
	GlobalSection(SolutionProperties) = preSolution
		HideSolutionNode = FALSE
	EndGlobalSection
	GlobalSection(ExtensibilityGlobals) = postSolution
		SolutionGuid = {E5D1B8EB-6D3F-4DB6-A971-BF9B82B92215}
	EndGlobalSection
EndGlobal
